// !$*UTF8*$!
{
	archiveVersion = 1;
	classes = {
	};
	objectVersion = 50;
	objects = {

/* Begin PBXBuildFile section */
		E5EB6A7B213BB0CB00958DFF /* AppDelegate.swift in Sources */ = {isa = PBXBuildFile; fileRef = E5EB6A7A213BB0CB00958DFF /* AppDelegate.swift */; };
		E5EB6A7D213BB0CB00958DFF /* ViewController.swift in Sources */ = {isa = PBXBuildFile; fileRef = E5EB6A7C213BB0CB00958DFF /* ViewController.swift */; };
		E5EB6A80213BB0CB00958DFF /* WorkoutGuide.storyboard in Resources */ = {isa = PBXBuildFile; fileRef = E5EB6A7E213BB0CB00958DFF /* WorkoutGuide.storyboard */; };
		E5EB6A82213BB0CC00958DFF /* Assets.xcassets in Resources */ = {isa = PBXBuildFile; fileRef = E5EB6A81213BB0CC00958DFF /* Assets.xcassets */; };
		E5EB6A85213BB0CC00958DFF /* LaunchScreen.storyboard in Resources */ = {isa = PBXBuildFile; fileRef = E5EB6A83213BB0CC00958DFF /* LaunchScreen.storyboard */; };
		E5EB6A8D213CE55400958DFF /* Workouts.plist in Resources */ = {isa = PBXBuildFile; fileRef = E5EB6A8C213CE55400958DFF /* Workouts.plist */; };
		E5EB6A8F213CE64900958DFF /* WorkoutsViewController.swift in Sources */ = {isa = PBXBuildFile; fileRef = E5EB6A8E213CE64900958DFF /* WorkoutsViewController.swift */; };
		E5EB6A91213D0BD000958DFF /* CustomButton.swift in Sources */ = {isa = PBXBuildFile; fileRef = E5EB6A90213D0BD000958DFF /* CustomButton.swift */; };
		E5F2D345213DC89A0035AFCD /* DetailsViewController.swift in Sources */ = {isa = PBXBuildFile; fileRef = E5F2D344213DC89A0035AFCD /* DetailsViewController.swift */; };
		E5F2D347213DDC200035AFCD /* Constants.swift in Sources */ = {isa = PBXBuildFile; fileRef = E5F2D346213DDC200035AFCD /* Constants.swift */; };
/* End PBXBuildFile section */

/* Begin PBXFileReference section */
		E5EB6A77213BB0CA00958DFF /* WorkoutGuide.app */ = {isa = PBXFileReference; explicitFileType = wrapper.application; includeInIndex = 0; path = WorkoutGuide.app; sourceTree = BUILT_PRODUCTS_DIR; };
		E5EB6A7A213BB0CB00958DFF /* AppDelegate.swift */ = {isa = PBXFileReference; lastKnownFileType = sourcecode.swift; path = AppDelegate.swift; sourceTree = "<group>"; };
		E5EB6A7C213BB0CB00958DFF /* ViewController.swift */ = {isa = PBXFileReference; lastKnownFileType = sourcecode.swift; path = ViewController.swift; sourceTree = "<group>"; };
		E5EB6A7F213BB0CB00958DFF /* Base */ = {isa = PBXFileReference; lastKnownFileType = file.storyboard; name = Base; path = Base.lproj/WorkoutGuide.storyboard; sourceTree = "<group>"; };
		E5EB6A81213BB0CC00958DFF /* Assets.xcassets */ = {isa = PBXFileReference; lastKnownFileType = folder.assetcatalog; path = Assets.xcassets; sourceTree = "<group>"; };
		E5EB6A84213BB0CC00958DFF /* Base */ = {isa = PBXFileReference; lastKnownFileType = file.storyboard; name = Base; path = Base.lproj/LaunchScreen.storyboard; sourceTree = "<group>"; };
		E5EB6A86213BB0CC00958DFF /* Info.plist */ = {isa = PBXFileReference; lastKnownFileType = text.plist.xml; path = Info.plist; sourceTree = "<group>"; };
		E5EB6A8C213CE55400958DFF /* Workouts.plist */ = {isa = PBXFileReference; lastKnownFileType = text.plist.xml; path = Workouts.plist; sourceTree = "<group>"; };
		E5EB6A8E213CE64900958DFF /* WorkoutsViewController.swift */ = {isa = PBXFileReference; lastKnownFileType = sourcecode.swift; path = WorkoutsViewController.swift; sourceTree = "<group>"; };
		E5EB6A90213D0BD000958DFF /* CustomButton.swift */ = {isa = PBXFileReference; lastKnownFileType = sourcecode.swift; path = CustomButton.swift; sourceTree = "<group>"; };
		E5F2D344213DC89A0035AFCD /* DetailsViewController.swift */ = {isa = PBXFileReference; lastKnownFileType = sourcecode.swift; path = DetailsViewController.swift; sourceTree = "<group>"; };
		E5F2D346213DDC200035AFCD /* Constants.swift */ = {isa = PBXFileReference; lastKnownFileType = sourcecode.swift; path = Constants.swift; sourceTree = "<group>"; };
/* End PBXFileReference section */

/* Begin PBXFrameworksBuildPhase section */
		E5EB6A74213BB0CA00958DFF /* Frameworks */ = {
			isa = PBXFrameworksBuildPhase;
			buildActionMask = 2147483647;
			files = (
			);
			runOnlyForDeploymentPostprocessing = 0;
		};
/* End PBXFrameworksBuildPhase section */

/* Begin PBXGroup section */
		E5EB6A6E213BB0CA00958DFF = {
			isa = PBXGroup;
			children = (
				E5EB6A79213BB0CA00958DFF /* WorkoutGuide */,
				E5EB6A78213BB0CA00958DFF /* Products */,
			);
			sourceTree = "<group>";
		};
		E5EB6A78213BB0CA00958DFF /* Products */ = {
			isa = PBXGroup;
			children = (
				E5EB6A77213BB0CA00958DFF /* WorkoutGuide.app */,
			);
			name = Products;
			sourceTree = "<group>";
		};
		E5EB6A79213BB0CA00958DFF /* WorkoutGuide */ = {
			isa = PBXGroup;
			children = (
				E5EB6A7A213BB0CB00958DFF /* AppDelegate.swift */,
				E5EB6A7C213BB0CB00958DFF /* ViewController.swift */,
				E5EB6A7E213BB0CB00958DFF /* WorkoutGuide.storyboard */,
				E5EB6A81213BB0CC00958DFF /* Assets.xcassets */,
				E5EB6A83213BB0CC00958DFF /* LaunchScreen.storyboard */,
				E5EB6A86213BB0CC00958DFF /* Info.plist */,
				E5EB6A8C213CE55400958DFF /* Workouts.plist */,
				E5EB6A8E213CE64900958DFF /* WorkoutsViewController.swift */,
				E5EB6A90213D0BD000958DFF /* CustomButton.swift */,
				E5F2D344213DC89A0035AFCD /* DetailsViewController.swift */,
				E5F2D346213DDC200035AFCD /* Constants.swift */,
			);
			path = WorkoutGuide;
			sourceTree = "<group>";
		};
/* End PBXGroup section */

/* Begin PBXNativeTarget section */
		E5EB6A76213BB0CA00958DFF /* WorkoutGuide */ = {
			isa = PBXNativeTarget;
			buildConfigurationList = E5EB6A89213BB0CC00958DFF /* Build configuration list for PBXNativeTarget "WorkoutGuide" */;
			buildPhases = (
				E5EB6A73213BB0CA00958DFF /* Sources */,
				E5EB6A74213BB0CA00958DFF /* Frameworks */,
				E5EB6A75213BB0CA00958DFF /* Resources */,
			);
			buildRules = (
			);
			dependencies = (
			);
			name = WorkoutGuide;
			productName = WorkoutGuide;
			productReference = E5EB6A77213BB0CA00958DFF /* WorkoutGuide.app */;
			productType = "com.apple.product-type.application";
		};
/* End PBXNativeTarget section */

/* Begin PBXProject section */
		E5EB6A6F213BB0CA00958DFF /* Project object */ = {
			isa = PBXProject;
			attributes = {
				LastSwiftUpdateCheck = 0940;
				LastUpgradeCheck = 0940;
				ORGANIZATIONNAME = Maxx;
				TargetAttributes = {
					E5EB6A76213BB0CA00958DFF = {
						CreatedOnToolsVersion = 9.4.1;
					};
				};
			};
			buildConfigurationList = E5EB6A72213BB0CA00958DFF /* Build configuration list for PBXProject "WorkoutGuide" */;
			compatibilityVersion = "Xcode 9.3";
			developmentRegion = en;
			hasScannedForEncodings = 0;
			knownRegions = (
				en,
				Base,
			);
			mainGroup = E5EB6A6E213BB0CA00958DFF;
			productRefGroup = E5EB6A78213BB0CA00958DFF /* Products */;
			projectDirPath = "";
			projectRoot = "";
			targets = (
				E5EB6A76213BB0CA00958DFF /* WorkoutGuide */,
			);
		};
/* End PBXProject section */

/* Begin PBXResourcesBuildPhase section */
		E5EB6A75213BB0CA00958DFF /* Resources */ = {
			isa = PBXResourcesBuildPhase;
			buildActionMask = 2147483647;
			files = (
				E5EB6A85213BB0CC00958DFF /* LaunchScreen.storyboard in Resources */,
				E5EB6A82213BB0CC00958DFF /* Assets.xcassets in Resources */,
				E5EB6A8D213CE55400958DFF /* Workouts.plist in Resources */,
				E5EB6A80213BB0CB00958DFF /* WorkoutGuide.storyboard in Resources */,
			);
			runOnlyForDeploymentPostprocessing = 0;
		};
/* End PBXResourcesBuildPhase section */

/* Begin PBXSourcesBuildPhase section */
		E5EB6A73213BB0CA00958DFF /* Sources */ = {
			isa = PBXSourcesBuildPhase;
			buildActionMask = 2147483647;
			files = (
				E5EB6A91213D0BD000958DFF /* CustomButton.swift in Sources */,
				E5EB6A7D213BB0CB00958DFF /* ViewController.swift in Sources */,
				E5EB6A7B213BB0CB00958DFF /* AppDelegate.swift in Sources */,
				E5EB6A8F213CE64900958DFF /* WorkoutsViewController.swift in Sources */,
				E5F2D345213DC89A0035AFCD /* DetailsViewController.swift in Sources */,
				E5F2D347213DDC200035AFCD /* Constants.swift in Sources */,
			);
			runOnlyForDeploymentPostprocessing = 0;
		};
/* End PBXSourcesBuildPhase section */

/* Begin PBXVariantGroup section */
		E5EB6A7E213BB0CB00958DFF /* WorkoutGuide.storyboard */ = {
			isa = PBXVariantGroup;
			children = (
				E5EB6A7F213BB0CB00958DFF /* Base */,
			);
			name = WorkoutGuide.storyboard;
			sourceTree = "<group>";
		};
		E5EB6A83213BB0CC00958DFF /* LaunchScreen.storyboard */ = {
			isa = PBXVariantGroup;
			children = (
				E5EB6A84213BB0CC00958DFF /* Base */,
			);
			name = LaunchScreen.storyboard;
			sourceTree = "<group>";
		};
/* End PBXVariantGroup section */

/* Begin XCBuildConfiguration section */
		E5EB6A87213BB0CC00958DFF /* Debug */ = {
			isa = XCBuildConfiguration;
			buildSettings = {
				ALWAYS_SEARCH_USER_PATHS = NO;
				CLANG_ANALYZER_NONNULL = YES;
				CLANG_ANALYZER_NUMBER_OBJECT_CONVERSION = YES_AGGRESSIVE;
				CLANG_CXX_LANGUAGE_STANDARD = "gnu++14";
				CLANG_CXX_LIBRARY = "libc++";
				CLANG_ENABLE_MODULES = YES;
				CLANG_ENABLE_OBJC_ARC = YES;
				CLANG_ENABLE_OBJC_WEAK = YES;
				CLANG_WARN_BLOCK_CAPTURE_AUTORELEASING = YES;
				CLANG_WARN_BOOL_CONVERSION = YES;
				CLANG_WARN_COMMA = YES;
				CLANG_WARN_CONSTANT_CONVERSION = YES;
				CLANG_WARN_DEPRECATED_OBJC_IMPLEMENTATIONS = YES;
				CLANG_WARN_DIRECT_OBJC_ISA_USAGE = YES_ERROR;
				CLANG_WARN_DOCUMENTATION_COMMENTS = YES;
				CLANG_WARN_EMPTY_BODY = YES;
				CLANG_WARN_ENUM_CONVERSION = YES;
				CLANG_WARN_INFINITE_RECURSION = YES;
				CLANG_WARN_INT_CONVERSION = YES;
				CLANG_WARN_NON_LITERAL_NULL_CONVERSION = YES;
				CLANG_WARN_OBJC_IMPLICIT_RETAIN_SELF = YES;
				CLANG_WARN_OBJC_LITERAL_CONVERSION = YES;
				CLANG_WARN_OBJC_ROOT_CLASS = YES_ERROR;
				CLANG_WARN_RANGE_LOOP_ANALYSIS = YES;
				CLANG_WARN_STRICT_PROTOTYPES = YES;
				CLANG_WARN_SUSPICIOUS_MOVE = YES;
				CLANG_WARN_UNGUARDED_AVAILABILITY = YES_AGGRESSIVE;
				CLANG_WARN_UNREACHABLE_CODE = YES;
				CLANG_WARN__DUPLICATE_METHOD_MATCH = YES;
				CODE_SIGN_IDENTITY = "iPhone Developer";
				COPY_PHASE_STRIP = NO;
				DEBUG_INFORMATION_FORMAT = dwarf;
				ENABLE_STRICT_OBJC_MSGSEND = YES;
				ENABLE_TESTABILITY = YES;
				GCC_C_LANGUAGE_STANDARD = gnu11;
				GCC_DYNAMIC_NO_PIC = NO;
				GCC_NO_COMMON_BLOCKS = YES;
				GCC_OPTIMIZATION_LEVEL = 0;
				GCC_PREPROCESSOR_DEFINITIONS = (
					"DEBUG=1",
					"$(inherited)",
				);
				GCC_WARN_64_TO_32_BIT_CONVERSION = YES;
				GCC_WARN_ABOUT_RETURN_TYPE = YES_ERROR;
				GCC_WARN_UNDECLARED_SELECTOR = YES;
				GCC_WARN_UNINITIALIZED_AUTOS = YES_AGGRESSIVE;
				GCC_WARN_UNUSED_FUNCTION = YES;
				GCC_WARN_UNUSED_VARIABLE = YES;
				IPHONEOS_DEPLOYMENT_TARGET = 11.4;
				MTL_ENABLE_DEBUG_INFO = YES;
				ONLY_ACTIVE_ARCH = YES;
				SDKROOT = iphoneos;
				SWIFT_ACTIVE_COMPILATION_CONDITIONS = DEBUG;
				SWIFT_OPTIMIZATION_LEVEL = "-Onone";
			};
			name = Debug;
		};
		E5EB6A88213BB0CC00958DFF /* Release */ = {
			isa = XCBuildConfiguration;
			buildSettings = {
				ALWAYS_SEARCH_USER_PATHS = NO;
				CLANG_ANALYZER_NONNULL = YES;
				CLANG_ANALYZER_NUMBER_OBJECT_CONVERSION = YES_AGGRESSIVE;
				CLANG_CXX_LANGUAGE_STANDARD = "gnu++14";
				CLANG_CXX_LIBRARY = "libc++";
				CLANG_ENABLE_MODULES = YES;
				CLANG_ENABLE_OBJC_ARC = YES;
				CLANG_ENABLE_OBJC_WEAK = YES;
				CLANG_WARN_BLOCK_CAPTURE_AUTORELEASING = YES;
				CLANG_WARN_BOOL_CONVERSION = YES;
				CLANG_WARN_COMMA = YES;
				CLANG_WARN_CONSTANT_CONVERSION = YES;
				CLANG_WARN_DEPRECATED_OBJC_IMPLEMENTATIONS = YES;
				CLANG_WARN_DIRECT_OBJC_ISA_USAGE = YES_ERROR;
				CLANG_WARN_DOCUMENTATION_COMMENTS = YES;
				CLANG_WARN_EMPTY_BODY = YES;
				CLANG_WARN_ENUM_CONVERSION = YES;
				CLANG_WARN_INFINITE_RECURSION = YES;
				CLANG_WARN_INT_CONVERSION = YES;
				CLANG_WARN_NON_LITERAL_NULL_CONVERSION = YES;
				CLANG_WARN_OBJC_IMPLICIT_RETAIN_SELF = YES;
				CLANG_WARN_OBJC_LITERAL_CONVERSION = YES;
				CLANG_WARN_OBJC_ROOT_CLASS = YES_ERROR;
				CLANG_WARN_RANGE_LOOP_ANALYSIS = YES;
				CLANG_WARN_STRICT_PROTOTYPES = YES;
				CLANG_WARN_SUSPICIOUS_MOVE = YES;
				CLANG_WARN_UNGUARDED_AVAILABILITY = YES_AGGRESSIVE;
				CLANG_WARN_UNREACHABLE_CODE = YES;
				CLANG_WARN__DUPLICATE_METHOD_MATCH = YES;
				CODE_SIGN_IDENTITY = "iPhone Developer";
				COPY_PHASE_STRIP = NO;
				DEBUG_INFORMATION_FORMAT = "dwarf-with-dsym";
				ENABLE_NS_ASSERTIONS = NO;
				ENABLE_STRICT_OBJC_MSGSEND = YES;
				GCC_C_LANGUAGE_STANDARD = gnu11;
				GCC_NO_COMMON_BLOCKS = YES;
				GCC_WARN_64_TO_32_BIT_CONVERSION = YES;
				GCC_WARN_ABOUT_RETURN_TYPE = YES_ERROR;
				GCC_WARN_UNDECLARED_SELECTOR = YES;
				GCC_WARN_UNINITIALIZED_AUTOS = YES_AGGRESSIVE;
				GCC_WARN_UNUSED_FUNCTION = YES;
				GCC_WARN_UNUSED_VARIABLE = YES;
				IPHONEOS_DEPLOYMENT_TARGET = 11.4;
				MTL_ENABLE_DEBUG_INFO = NO;
				SDKROOT = iphoneos;
				SWIFT_COMPILATION_MODE = wholemodule;
				SWIFT_OPTIMIZATION_LEVEL = "-O";
				VALIDATE_PRODUCT = YES;
			};
			name = Release;
		};
		E5EB6A8A213BB0CC00958DFF /* Debug */ = {
			isa = XCBuildConfiguration;
			buildSettings = {
				ASSETCATALOG_COMPILER_APPICON_NAME = AppIcon;
				CODE_SIGN_STYLE = Automatic;
				INFOPLIST_FILE = WorkoutGuide/Info.plist;
				LD_RUNPATH_SEARCH_PATHS = (
					"$(inherited)",
					"@executable_path/Frameworks",
				);
				PRODUCT_BUNDLE_IDENTIFIER = app.maxx.WorkoutGuide;
				PRODUCT_NAME = "$(TARGET_NAME)";
				SWIFT_VERSION = 4.0;
				TARGETED_DEVICE_FAMILY = "1,2";
			};
			name = Debug;
		};
		E5EB6A8B213BB0CC00958DFF /* Release */ = {
			isa = XCBuildConfiguration;
			buildSettings = {
				ASSETCATALOG_COMPILER_APPICON_NAME = AppIcon;
				CODE_SIGN_STYLE = Automatic;
				INFOPLIST_FILE = WorkoutGuide/Info.plist;
				LD_RUNPATH_SEARCH_PATHS = (
					"$(inherited)",
					"@executable_path/Frameworks",
				);
				PRODUCT_BUNDLE_IDENTIFIER = app.maxx.WorkoutGuide;
				PRODUCT_NAME = "$(TARGET_NAME)";
				SWIFT_VERSION = 4.0;
				TARGETED_DEVICE_FAMILY = "1,2";
			};
			name = Release;
		};
/* End XCBuildConfiguration section */

/* Begin XCConfigurationList section */
		E5EB6A72213BB0CA00958DFF /* Build configuration list for PBXProject "WorkoutGuide" */ = {
			isa = XCConfigurationList;
			buildConfigurations = (
				E5EB6A87213BB0CC00958DFF /* Debug */,
				E5EB6A88213BB0CC00958DFF /* Release */,
			);
			defaultConfigurationIsVisible = 0;
			defaultConfigurationName = Release;
		};
		E5EB6A89213BB0CC00958DFF /* Build configuration list for PBXNativeTarget "WorkoutGuide" */ = {
			isa = XCConfigurationList;
			buildConfigurations = (
				E5EB6A8A213BB0CC00958DFF /* Debug */,
				E5EB6A8B213BB0CC00958DFF /* Release */,
			);
			defaultConfigurationIsVisible = 0;
			defaultConfigurationName = Release;
		};
/* End XCConfigurationList section */
	};
	rootObject = E5EB6A6F213BB0CA00958DFF /* Project object */;
}
